// !$*UTF8*$!
{
	archiveVersion = 1;
	classes = {
	};
	objectVersion = 46;
	objects = {

/* Begin PBXBuildFile section */
		C7107DF91C62A53200CE5AD0 /* main.c in Sources */ = {isa = PBXBuildFile; fileRef = C7107DF81C62A53200CE5AD0 /* main.c */; };
/* End PBXBuildFile section */

/* Begin PBXCopyFilesBuildPhase section */
		C7107DF31C62A53200CE5AD0 /* CopyFiles */ = {
			isa = PBXCopyFilesBuildPhase;
			buildActionMask = 2147483647;
			dstPath = /usr/share/man/man1/;
			dstSubfolderSpec = 0;
			files = (
			);
			runOnlyForDeploymentPostprocessing = 1;
		};
/* End PBXCopyFilesBuildPhase section */

/* Begin PBXFileReference section */
		C7107DF51C62A53200CE5AD0 /* MetersToFeetAndInches */ = {isa = PBXFileReference; explicitFileType = "compiled.mach-o.executable"; includeInIndex = 0; path = MetersToFeetAndInches; sourceTree = BUILT_PRODUCTS_DIR; };
		C7107DF81C62A53200CE5AD0 /* main.c */ = {isa = PBXFileReference; lastKnownFileType = sourcecode.c.c; path = main.c; sourceTree = "<group>"; };
/* End PBXFileReference section */

/* Begin PBXFrameworksBuildPhase section */
		C7107DF21C62A53200CE5AD0 /* Frameworks */ = {
			isa = PBXFrameworksBuildPhase;
			buildActionMask = 2147483647;
			files = (
			);
			runOnlyForDeploymentPostprocessing = 0;
		};
/* End PBXFrameworksBuildPhase section */

/* Begin PBXGroup section */
		C7107DEC1C62A53200CE5AD0 = {
			isa = PBXGroup;
			children = (
				C7107DF71C62A53200CE5AD0 /* MetersToFeetAndInches */,
				C7107DF61C62A53200CE5AD0 /* Products */,
			);
			sourceTree = "<group>";
		};
		C7107DF61C62A53200CE5AD0 /* Products */ = {
			isa = PBXGroup;
			children = (
				C7107DF51C62A53200CE5AD0 /* MetersToFeetAndInches */,
			);
			name = Products;
			sourceTree = "<group>";
		};
		C7107DF71C62A53200CE5AD0 /* MetersToFeetAndInches */ = {
			isa = PBXGroup;
			children = (
				C7107DF81C62A53200CE5AD0 /* main.c */,
			);
			path = MetersToFeetAndInches;
			sourceTree = "<group>";
		};
/* End PBXGroup section */

/* Begin PBXNativeTarget section */
		C7107DF41C62A53200CE5AD0 /* MetersToFeetAndInches */ = {
			isa = PBXNativeTarget;
			buildConfigurationList = C7107DFC1C62A53200CE5AD0 /* Build configuration list for PBXNativeTarget "MetersToFeetAndInches" */;
			buildPhases = (
				C7107DF11C62A53200CE5AD0 /* Sources */,
				C7107DF21C62A53200CE5AD0 /* Frameworks */,
				C7107DF31C62A53200CE5AD0 /* CopyFiles */,
			);
			buildRules = (
			);
			dependencies = (
			);
			name = MetersToFeetAndInches;
			productName = MetersToFeetAndInches;
			productReference = C7107DF51C62A53200CE5AD0 /* MetersToFeetAndInches */;
			productType = "com.apple.product-type.tool";
		};
/* End PBXNativeTarget section */

/* Begin PBXProject section */
		C7107DED1C62A53200CE5AD0 /* Project object */ = {
			isa = PBXProject;
			attributes = {
				LastUpgradeCheck = 0720;
				ORGANIZATIONNAME = "Benjamin A Burgess";
				TargetAttributes = {
					C7107DF41C62A53200CE5AD0 = {
						CreatedOnToolsVersion = 7.2;
					};
				};
			};
			buildConfigurationList = C7107DF01C62A53200CE5AD0 /* Build configuration list for PBXProject "MetersToFeetAndInches" */;
			compatibilityVersion = "Xcode 3.2";
			developmentRegion = English;
			hasScannedForEncodings = 0;
			knownRegions = (
				en,
			);
			mainGroup = C7107DEC1C62A53200CE5AD0;
			productRefGroup = C7107DF61C62A53200CE5AD0 /* Products */;
			projectDirPath = "";
			projectRoot = "";
			targets = (
				C7107DF41C62A53200CE5AD0 /* MetersToFeetAndInches */,
			);
		};
/* End PBXProject section */

/* Begin PBXSourcesBuildPhase section */
		C7107DF11C62A53200CE5AD0 /* Sources */ = {
			isa = PBXSourcesBuildPhase;
			buildActionMask = 2147483647;
			files = (
				C7107DF91C62A53200CE5AD0 /* main.c in Sources */,
			);
			runOnlyForDeploymentPostprocessing = 0;
		};
/* End PBXSourcesBuildPhase section */

/* Begin XCBuildConfiguration section */
		C7107DFA1C62A53200CE5AD0 /* Debug */ = {
			isa = XCBuildConfiguration;
			buildSettings = {
				ALWAYS_SEARCH_USER_PATHS = NO;
				CLANG_CXX_LANGUAGE_STANDARD = "gnu++0x";
				CLANG_CXX_LIBRARY = "libc++";
				CLANG_ENABLE_MODULES = YES;
				CLANG_ENABLE_OBJC_ARC = YES;
				CLANG_WARN_BOOL_CONVERSION = YES;
				CLANG_WARN_CONSTANT_CONVERSION = YES;
				CLANG_WARN_DIRECT_OBJC_ISA_USAGE = YES_ERROR;
				CLANG_WARN_EMPTY_BODY = YES;
				CLANG_WARN_ENUM_CONVERSION = YES;
				CLANG_WARN_INT_CONVERSION = YES;
				CLANG_WARN_OBJC_ROOT_CLASS = YES_ERROR;
				CLANG_WARN_UNREACHABLE_CODE = YES;
				CLANG_WARN__DUPLICATE_METHOD_MATCH = YES;
				CODE_SIGN_IDENTITY = "-";
				COPY_PHASE_STRIP = NO;
				DEBUG_INFORMATION_FORMAT = dwarf;
				ENABLE_STRICT_OBJC_MSGSEND = YES;
				ENABLE_TESTABILITY = YES;
				GCC_C_LANGUAGE_STANDARD = gnu99;
				GCC_DYNAMIC_NO_PIC = NO;
				GCC_NO_COMMON_BLOCKS = YES;
				GCC_OPTIMIZATION_LEVEL = 0;
				GCC_PREPROCESSOR_DEFINITIONS = (
					"DEBUG=1",
					"$(inherited)",
				);
				GCC_WARN_64_TO_32_BIT_CONVERSION = YES;
				GCC_WARN_ABOUT_RETURN_TYPE = YES_ERROR;
				GCC_WARN_UNDECLARED_SELECTOR = YES;
				GCC_WARN_UNINITIALIZED_AUTOS = YES_AGGRESSIVE;
				GCC_WARN_UNUSED_FUNCTION = YES;
				GCC_WARN_UNUSED_VARIABLE = YES;
				MACOSX_DEPLOYMENT_TARGET = 10.11;
				MTL_ENABLE_DEBUG_INFO = YES;
				ONLY_ACTIVE_ARCH = YES;
				SDKROOT = macosx;
			};
			name = Debug;
		};
		C7107DFB1C62A53200CE5AD0 /* Release */ = {
			isa = XCBuildConfiguration;
			buildSettings = {
				ALWAYS_SEARCH_USER_PATHS = NO;
				CLANG_CXX_LANGUAGE_STANDARD = "gnu++0x";
				CLANG_CXX_LIBRARY = "libc++";
				CLANG_ENABLE_MODULES = YES;
				CLANG_ENABLE_OBJC_ARC = YES;
				CLANG_WARN_BOOL_CONVERSION = YES;
				CLANG_WARN_CONSTANT_CONVERSION = YES;
				CLANG_WARN_DIRECT_OBJC_ISA_USAGE = YES_ERROR;
				CLANG_WARN_EMPTY_BODY = YES;
				CLANG_WARN_ENUM_CONVERSION = YES;
				CLANG_WARN_INT_CONVERSION = YES;
				CLANG_WARN_OBJC_ROOT_CLASS = YES_ERROR;
				CLANG_WARN_UNREACHABLE_CODE = YES;
				CLANG_WARN__DUPLICATE_METHOD_MATCH = YES;
				CODE_SIGN_IDENTITY = "-";
				COPY_PHASE_STRIP = NO;
				DEBUG_INFORMATION_FORMAT = "dwarf-with-dsym";
				ENABLE_NS_ASSERTIONS = NO;
				ENABLE_STRICT_OBJC_MSGSEND = YES;
				GCC_C_LANGUAGE_STANDARD = gnu99;
				GCC_NO_COMMON_BLOCKS = YES;
				GCC_WARN_64_TO_32_BIT_CONVERSION = YES;
				GCC_WARN_ABOUT_RETURN_TYPE = YES_ERROR;
				GCC_WARN_UNDECLARED_SELECTOR = YES;
				GCC_WARN_UNINITIALIZED_AUTOS = YES_AGGRESSIVE;
				GCC_WARN_UNUSED_FUNCTION = YES;
				GCC_WARN_UNUSED_VARIABLE = YES;
				MACOSX_DEPLOYMENT_TARGET = 10.11;
				MTL_ENABLE_DEBUG_INFO = NO;
				SDKROOT = macosx;
			};
			name = Release;
		};
		C7107DFD1C62A53200CE5AD0 /* Debug */ = {
			isa = XCBuildConfiguration;
			buildSettings = {
				PRODUCT_NAME = "$(TARGET_NAME)";
			};
			name = Debug;
		};
		C7107DFE1C62A53200CE5AD0 /* Release */ = {
			isa = XCBuildConfiguration;
			buildSettings = {
				PRODUCT_NAME = "$(TARGET_NAME)";
			};
			name = Release;
		};
/* End XCBuildConfiguration section */

/* Begin XCConfigurationList section */
		C7107DF01C62A53200CE5AD0 /* Build configuration list for PBXProject "MetersToFeetAndInches" */ = {
			isa = XCConfigurationList;
			buildConfigurations = (
				C7107DFA1C62A53200CE5AD0 /* Debug */,
				C7107DFB1C62A53200CE5AD0 /* Release */,
			);
			defaultConfigurationIsVisible = 0;
			defaultConfigurationName = Release;
		};
		C7107DFC1C62A53200CE5AD0 /* Build configuration list for PBXNativeTarget "MetersToFeetAndInches" */ = {
			isa = XCConfigurationList;
			buildConfigurations = (
				C7107DFD1C62A53200CE5AD0 /* Debug */,
				C7107DFE1C62A53200CE5AD0 /* Release */,
			);
			defaultConfigurationIsVisible = 0;
		};
/* End XCConfigurationList section */
	};
	rootObject = C7107DED1C62A53200CE5AD0 /* Project object */;
}
